
Microsoft Visual Studio Solution File, Format Version 12.00
# Visual Studio Version 17
VisualStudioVersion = 17.2.32616.157
MinimumVisualStudioVersion = 10.0.40219.1
Project("{FAE04EC0-301F-11D3-BF4B-00C04F79EFBC}") = "xadrez-console", "xadrez-console.csproj", "{83C1DDA8-71A0-49E9-984F-30458A30C34E}"
EndProject
Global
	GlobalSection(SolutionConfigurationPlatforms) = preSolution
		Debug|Any CPU = Debug|Any CPU
		Release|Any CPU = Release|Any CPU
	EndGlobalSection
	GlobalSection(ProjectConfigurationPlatforms) = postSolution
		{83C1DDA8-71A0-49E9-984F-30458A30C34E}.Debug|Any CPU.ActiveCfg = Debug|Any CPU
		{83C1DDA8-71A0-49E9-984F-30458A30C34E}.Debug|Any CPU.Build.0 = Debug|Any CPU
		{83C1DDA8-71A0-49E9-984F-30458A30C34E}.Release|Any CPU.ActiveCfg = Release|Any CPU
		{83C1DDA8-71A0-49E9-984F-30458A30C34E}.Release|Any CPU.Build.0 = Release|Any CPU
	EndGlobalSection
	GlobalSection(SolutionProperties) = preSolution
		HideSolutionNode = FALSE
	EndGlobalSection
	GlobalSection(ExtensibilityGlobals) = postSolution
		SolutionGuid = {51A852E5-C753-4B7C-B8B1-DDD286BB378D}
	EndGlobalSection
EndGlobal
